
Microsoft Visual Studio Solution File, Format Version 12.00
# Visual Studio Version 16
VisualStudioVersion = 16.0.31624.102
MinimumVisualStudioVersion = 10.0.40219.1
Project("{FAE04EC0-301F-11D3-BF4B-00C04F79EFBC}") = "SalesWebMVC", "SalesWebMVC\SalesWebMVC.csproj", "{9E55E955-7B27-461B-9C1B-38F7D63653A5}"
EndProject
Global
	GlobalSection(SolutionConfigurationPlatforms) = preSolution
		Debug|Any CPU = Debug|Any CPU
		Release|Any CPU = Release|Any CPU
	EndGlobalSection
	GlobalSection(ProjectConfigurationPlatforms) = postSolution
		{9E55E955-7B27-461B-9C1B-38F7D63653A5}.Debug|Any CPU.ActiveCfg = Debug|Any CPU
		{9E55E955-7B27-461B-9C1B-38F7D63653A5}.Debug|Any CPU.Build.0 = Debug|Any CPU
		{9E55E955-7B27-461B-9C1B-38F7D63653A5}.Release|Any CPU.ActiveCfg = Release|Any CPU
		{9E55E955-7B27-461B-9C1B-38F7D63653A5}.Release|Any CPU.Build.0 = Release|Any CPU
	EndGlobalSection
	GlobalSection(SolutionProperties) = preSolution
		HideSolutionNode = FALSE
	EndGlobalSection
	GlobalSection(ExtensibilityGlobals) = postSolution
		SolutionGuid = {7151D7DA-ACF8-4E39-A9A0-767C4558583C}
	EndGlobalSection
EndGlobal
